// !$*UTF8*$!
{
	archiveVersion = 1;
	classes = {
	};
	objectVersion = 50;
	objects = {

/* Begin PBXBuildFile section */
		6CDFC82C2649AA78008F746F /* Tests_iOS.swift in Sources */ = {isa = PBXBuildFile; fileRef = 6CDFC82B2649AA78008F746F /* Tests_iOS.swift */; };
		6CDFC8372649AA78008F746F /* Tests_macOS.swift in Sources */ = {isa = PBXBuildFile; fileRef = 6CDFC8362649AA78008F746F /* Tests_macOS.swift */; };
		6CDFC8392649AA78008F746F /* SwiftUI_SheetApp.swift in Sources */ = {isa = PBXBuildFile; fileRef = 6CDFC8102649AA75008F746F /* SwiftUI_SheetApp.swift */; };
		6CDFC83A2649AA78008F746F /* SwiftUI_SheetApp.swift in Sources */ = {isa = PBXBuildFile; fileRef = 6CDFC8102649AA75008F746F /* SwiftUI_SheetApp.swift */; };
		6CDFC83B2649AA78008F746F /* ContentView.swift in Sources */ = {isa = PBXBuildFile; fileRef = 6CDFC8112649AA75008F746F /* ContentView.swift */; };
		6CDFC83C2649AA78008F746F /* ContentView.swift in Sources */ = {isa = PBXBuildFile; fileRef = 6CDFC8112649AA75008F746F /* ContentView.swift */; };
		6CDFC83D2649AA78008F746F /* Assets.xcassets in Resources */ = {isa = PBXBuildFile; fileRef = 6CDFC8122649AA77008F746F /* Assets.xcassets */; };
		6CDFC83E2649AA78008F746F /* Assets.xcassets in Resources */ = {isa = PBXBuildFile; fileRef = 6CDFC8122649AA77008F746F /* Assets.xcassets */; };
/* End PBXBuildFile section */

/* Begin PBXContainerItemProxy section */
		6CDFC8282649AA78008F746F /* PBXContainerItemProxy */ = {
			isa = PBXContainerItemProxy;
			containerPortal = 6CDFC80B2649AA75008F746F /* Project object */;
			proxyType = 1;
			remoteGlobalIDString = 6CDFC8162649AA77008F746F;
			remoteInfo = "SwiftUI_Sheet (iOS)";
		};
		6CDFC8332649AA78008F746F /* PBXContainerItemProxy */ = {
			isa = PBXContainerItemProxy;
			containerPortal = 6CDFC80B2649AA75008F746F /* Project object */;
			proxyType = 1;
			remoteGlobalIDString = 6CDFC81E2649AA78008F746F;
			remoteInfo = "SwiftUI_Sheet (macOS)";
		};
/* End PBXContainerItemProxy section */

/* Begin PBXFileReference section */
		6CDFC8102649AA75008F746F /* SwiftUI_SheetApp.swift */ = {isa = PBXFileReference; lastKnownFileType = sourcecode.swift; path = SwiftUI_SheetApp.swift; sourceTree = "<group>"; };
		6CDFC8112649AA75008F746F /* ContentView.swift */ = {isa = PBXFileReference; lastKnownFileType = sourcecode.swift; path = ContentView.swift; sourceTree = "<group>"; };
		6CDFC8122649AA77008F746F /* Assets.xcassets */ = {isa = PBXFileReference; lastKnownFileType = folder.assetcatalog; path = Assets.xcassets; sourceTree = "<group>"; };
		6CDFC8172649AA77008F746F /* SwiftUI_Sheet.app */ = {isa = PBXFileReference; explicitFileType = wrapper.application; includeInIndex = 0; path = SwiftUI_Sheet.app; sourceTree = BUILT_PRODUCTS_DIR; };
		6CDFC81A2649AA77008F746F /* Info.plist */ = {isa = PBXFileReference; lastKnownFileType = text.plist.xml; path = Info.plist; sourceTree = "<group>"; };
		6CDFC81F2649AA78008F746F /* SwiftUI_Sheet.app */ = {isa = PBXFileReference; explicitFileType = wrapper.application; includeInIndex = 0; path = SwiftUI_Sheet.app; sourceTree = BUILT_PRODUCTS_DIR; };
		6CDFC8212649AA78008F746F /* Info.plist */ = {isa = PBXFileReference; lastKnownFileType = text.plist.xml; path = Info.plist; sourceTree = "<group>"; };
		6CDFC8222649AA78008F746F /* macOS.entitlements */ = {isa = PBXFileReference; lastKnownFileType = text.plist.entitlements; path = macOS.entitlements; sourceTree = "<group>"; };
		6CDFC8272649AA78008F746F /* Tests iOS.xctest */ = {isa = PBXFileReference; explicitFileType = wrapper.cfbundle; includeInIndex = 0; path = "Tests iOS.xctest"; sourceTree = BUILT_PRODUCTS_DIR; };
		6CDFC82B2649AA78008F746F /* Tests_iOS.swift */ = {isa = PBXFileReference; lastKnownFileType = sourcecode.swift; path = Tests_iOS.swift; sourceTree = "<group>"; };
		6CDFC82D2649AA78008F746F /* Info.plist */ = {isa = PBXFileReference; lastKnownFileType = text.plist.xml; path = Info.plist; sourceTree = "<group>"; };
		6CDFC8322649AA78008F746F /* Tests macOS.xctest */ = {isa = PBXFileReference; explicitFileType = wrapper.cfbundle; includeInIndex = 0; path = "Tests macOS.xctest"; sourceTree = BUILT_PRODUCTS_DIR; };
		6CDFC8362649AA78008F746F /* Tests_macOS.swift */ = {isa = PBXFileReference; lastKnownFileType = sourcecode.swift; path = Tests_macOS.swift; sourceTree = "<group>"; };
		6CDFC8382649AA78008F746F /* Info.plist */ = {isa = PBXFileReference; lastKnownFileType = text.plist.xml; path = Info.plist; sourceTree = "<group>"; };
/* End PBXFileReference section */

/* Begin PBXFrameworksBuildPhase section */
		6CDFC8142649AA77008F746F /* Frameworks */ = {
			isa = PBXFrameworksBuildPhase;
			buildActionMask = 2147483647;
			files = (
			);
			runOnlyForDeploymentPostprocessing = 0;
		};
		6CDFC81C2649AA78008F746F /* Frameworks */ = {
			isa = PBXFrameworksBuildPhase;
			buildActionMask = 2147483647;
			files = (
			);
			runOnlyForDeploymentPostprocessing = 0;
		};
		6CDFC8242649AA78008F746F /* Frameworks */ = {
			isa = PBXFrameworksBuildPhase;
			buildActionMask = 2147483647;
			files = (
			);
			runOnlyForDeploymentPostprocessing = 0;
		};
		6CDFC82F2649AA78008F746F /* Frameworks */ = {
			isa = PBXFrameworksBuildPhase;
			buildActionMask = 2147483647;
			files = (
			);
			runOnlyForDeploymentPostprocessing = 0;
		};
/* End PBXFrameworksBuildPhase section */

/* Begin PBXGroup section */
		6CDFC80A2649AA75008F746F = {
			isa = PBXGroup;
			children = (
				6CDFC80F2649AA75008F746F /* Shared */,
				6CDFC8192649AA77008F746F /* iOS */,
				6CDFC8202649AA78008F746F /* macOS */,
				6CDFC82A2649AA78008F746F /* Tests iOS */,
				6CDFC8352649AA78008F746F /* Tests macOS */,
				6CDFC8182649AA77008F746F /* Products */,
			);
			sourceTree = "<group>";
		};
		6CDFC80F2649AA75008F746F /* Shared */ = {
			isa = PBXGroup;
			children = (
				6CDFC8102649AA75008F746F /* SwiftUI_SheetApp.swift */,
				6CDFC8112649AA75008F746F /* ContentView.swift */,
				6CDFC8122649AA77008F746F /* Assets.xcassets */,
			);
			path = Shared;
			sourceTree = "<group>";
		};
		6CDFC8182649AA77008F746F /* Products */ = {
			isa = PBXGroup;
			children = (
				6CDFC8172649AA77008F746F /* SwiftUI_Sheet.app */,
				6CDFC81F2649AA78008F746F /* SwiftUI_Sheet.app */,
				6CDFC8272649AA78008F746F /* Tests iOS.xctest */,
				6CDFC8322649AA78008F746F /* Tests macOS.xctest */,
			);
			name = Products;
			sourceTree = "<group>";
		};
		6CDFC8192649AA77008F746F /* iOS */ = {
			isa = PBXGroup;
			children = (
				6CDFC81A2649AA77008F746F /* Info.plist */,
			);
			path = iOS;
			sourceTree = "<group>";
		};
		6CDFC8202649AA78008F746F /* macOS */ = {
			isa = PBXGroup;
			children = (
				6CDFC8212649AA78008F746F /* Info.plist */,
				6CDFC8222649AA78008F746F /* macOS.entitlements */,
			);
			path = macOS;
			sourceTree = "<group>";
		};
		6CDFC82A2649AA78008F746F /* Tests iOS */ = {
			isa = PBXGroup;
			children = (
				6CDFC82B2649AA78008F746F /* Tests_iOS.swift */,
				6CDFC82D2649AA78008F746F /* Info.plist */,
			);
			path = "Tests iOS";
			sourceTree = "<group>";
		};
		6CDFC8352649AA78008F746F /* Tests macOS */ = {
			isa = PBXGroup;
			children = (
				6CDFC8362649AA78008F746F /* Tests_macOS.swift */,
				6CDFC8382649AA78008F746F /* Info.plist */,
			);
			path = "Tests macOS";
			sourceTree = "<group>";
		};
/* End PBXGroup section */

/* Begin PBXNativeTarget section */
		6CDFC8162649AA77008F746F /* SwiftUI_Sheet (iOS) */ = {
			isa = PBXNativeTarget;
			buildConfigurationList = 6CDFC8412649AA78008F746F /* Build configuration list for PBXNativeTarget "SwiftUI_Sheet (iOS)" */;
			buildPhases = (
				6CDFC8132649AA77008F746F /* Sources */,
				6CDFC8142649AA77008F746F /* Frameworks */,
				6CDFC8152649AA77008F746F /* Resources */,
			);
			buildRules = (
			);
			dependencies = (
			);
			name = "SwiftUI_Sheet (iOS)";
			productName = "SwiftUI_Sheet (iOS)";
			productReference = 6CDFC8172649AA77008F746F /* SwiftUI_Sheet.app */;
			productType = "com.apple.product-type.application";
		};
		6CDFC81E2649AA78008F746F /* SwiftUI_Sheet (macOS) */ = {
			isa = PBXNativeTarget;
			buildConfigurationList = 6CDFC8442649AA78008F746F /* Build configuration list for PBXNativeTarget "SwiftUI_Sheet (macOS)" */;
			buildPhases = (
				6CDFC81B2649AA78008F746F /* Sources */,
				6CDFC81C2649AA78008F746F /* Frameworks */,
				6CDFC81D2649AA78008F746F /* Resources */,
			);
			buildRules = (
			);
			dependencies = (
			);
			name = "SwiftUI_Sheet (macOS)";
			productName = "SwiftUI_Sheet (macOS)";
			productReference = 6CDFC81F2649AA78008F746F /* SwiftUI_Sheet.app */;
			productType = "com.apple.product-type.application";
		};
		6CDFC8262649AA78008F746F /* Tests iOS */ = {
			isa = PBXNativeTarget;
			buildConfigurationList = 6CDFC8472649AA78008F746F /* Build configuration list for PBXNativeTarget "Tests iOS" */;
			buildPhases = (
				6CDFC8232649AA78008F746F /* Sources */,
				6CDFC8242649AA78008F746F /* Frameworks */,
				6CDFC8252649AA78008F746F /* Resources */,
			);
			buildRules = (
			);
			dependencies = (
				6CDFC8292649AA78008F746F /* PBXTargetDependency */,
			);
			name = "Tests iOS";
			productName = "Tests iOS";
			productReference = 6CDFC8272649AA78008F746F /* Tests iOS.xctest */;
			productType = "com.apple.product-type.bundle.ui-testing";
		};
		6CDFC8312649AA78008F746F /* Tests macOS */ = {
			isa = PBXNativeTarget;
			buildConfigurationList = 6CDFC84A2649AA78008F746F /* Build configuration list for PBXNativeTarget "Tests macOS" */;
			buildPhases = (
				6CDFC82E2649AA78008F746F /* Sources */,
				6CDFC82F2649AA78008F746F /* Frameworks */,
				6CDFC8302649AA78008F746F /* Resources */,
			);
			buildRules = (
			);
			dependencies = (
				6CDFC8342649AA78008F746F /* PBXTargetDependency */,
			);
			name = "Tests macOS";
			productName = "Tests macOS";
			productReference = 6CDFC8322649AA78008F746F /* Tests macOS.xctest */;
			productType = "com.apple.product-type.bundle.ui-testing";
		};
/* End PBXNativeTarget section */

/* Begin PBXProject section */
		6CDFC80B2649AA75008F746F /* Project object */ = {
			isa = PBXProject;
			attributes = {
				LastSwiftUpdateCheck = 1240;
				LastUpgradeCheck = 1240;
				TargetAttributes = {
					6CDFC8162649AA77008F746F = {
						CreatedOnToolsVersion = 12.4;
					};
					6CDFC81E2649AA78008F746F = {
						CreatedOnToolsVersion = 12.4;
					};
					6CDFC8262649AA78008F746F = {
						CreatedOnToolsVersion = 12.4;
						TestTargetID = 6CDFC8162649AA77008F746F;
					};
					6CDFC8312649AA78008F746F = {
						CreatedOnToolsVersion = 12.4;
						TestTargetID = 6CDFC81E2649AA78008F746F;
					};
				};
			};
			buildConfigurationList = 6CDFC80E2649AA75008F746F /* Build configuration list for PBXProject "SwiftUI_Sheet" */;
			compatibilityVersion = "Xcode 9.3";
			developmentRegion = en;
			hasScannedForEncodings = 0;
			knownRegions = (
				en,
				Base,
			);
			mainGroup = 6CDFC80A2649AA75008F746F;
			productRefGroup = 6CDFC8182649AA77008F746F /* Products */;
			projectDirPath = "";
			projectRoot = "";
			targets = (
				6CDFC8162649AA77008F746F /* SwiftUI_Sheet (iOS) */,
				6CDFC81E2649AA78008F746F /* SwiftUI_Sheet (macOS) */,
				6CDFC8262649AA78008F746F /* Tests iOS */,
				6CDFC8312649AA78008F746F /* Tests macOS */,
			);
		};
/* End PBXProject section */

/* Begin PBXResourcesBuildPhase section */
		6CDFC8152649AA77008F746F /* Resources */ = {
			isa = PBXResourcesBuildPhase;
			buildActionMask = 2147483647;
			files = (
				6CDFC83D2649AA78008F746F /* Assets.xcassets in Resources */,
			);
			runOnlyForDeploymentPostprocessing = 0;
		};
		6CDFC81D2649AA78008F746F /* Resources */ = {
			isa = PBXResourcesBuildPhase;
			buildActionMask = 2147483647;
			files = (
				6CDFC83E2649AA78008F746F /* Assets.xcassets in Resources */,
			);
			runOnlyForDeploymentPostprocessing = 0;
		};
		6CDFC8252649AA78008F746F /* Resources */ = {
			isa = PBXResourcesBuildPhase;
			buildActionMask = 2147483647;
			files = (
			);
			runOnlyForDeploymentPostprocessing = 0;
		};
		6CDFC8302649AA78008F746F /* Resources */ = {
			isa = PBXResourcesBuildPhase;
			buildActionMask = 2147483647;
			files = (
			);
			runOnlyForDeploymentPostprocessing = 0;
		};
/* End PBXResourcesBuildPhase section */

/* Begin PBXSourcesBuildPhase section */
		6CDFC8132649AA77008F746F /* Sources */ = {
			isa = PBXSourcesBuildPhase;
			buildActionMask = 2147483647;
			files = (
				6CDFC83B2649AA78008F746F /* ContentView.swift in Sources */,
				6CDFC8392649AA78008F746F /* SwiftUI_SheetApp.swift in Sources */,
			);
			runOnlyForDeploymentPostprocessing = 0;
		};
		6CDFC81B2649AA78008F746F /* Sources */ = {
			isa = PBXSourcesBuildPhase;
			buildActionMask = 2147483647;
			files = (
				6CDFC83C2649AA78008F746F /* ContentView.swift in Sources */,
				6CDFC83A2649AA78008F746F /* SwiftUI_SheetApp.swift in Sources */,
			);
			runOnlyForDeploymentPostprocessing = 0;
		};
		6CDFC8232649AA78008F746F /* Sources */ = {
			isa = PBXSourcesBuildPhase;
			buildActionMask = 2147483647;
			files = (
				6CDFC82C2649AA78008F746F /* Tests_iOS.swift in Sources */,
			);
			runOnlyForDeploymentPostprocessing = 0;
		};
		6CDFC82E2649AA78008F746F /* Sources */ = {
			isa = PBXSourcesBuildPhase;
			buildActionMask = 2147483647;
			files = (
				6CDFC8372649AA78008F746F /* Tests_macOS.swift in Sources */,
			);
			runOnlyForDeploymentPostprocessing = 0;
		};
/* End PBXSourcesBuildPhase section */

/* Begin PBXTargetDependency section */
		6CDFC8292649AA78008F746F /* PBXTargetDependency */ = {
			isa = PBXTargetDependency;
			target = 6CDFC8162649AA77008F746F /* SwiftUI_Sheet (iOS) */;
			targetProxy = 6CDFC8282649AA78008F746F /* PBXContainerItemProxy */;
		};
		6CDFC8342649AA78008F746F /* PBXTargetDependency */ = {
			isa = PBXTargetDependency;
			target = 6CDFC81E2649AA78008F746F /* SwiftUI_Sheet (macOS) */;
			targetProxy = 6CDFC8332649AA78008F746F /* PBXContainerItemProxy */;
		};
/* End PBXTargetDependency section */

/* Begin XCBuildConfiguration section */
		6CDFC83F2649AA78008F746F /* Debug */ = {
			isa = XCBuildConfiguration;
			buildSettings = {
				ALWAYS_SEARCH_USER_PATHS = NO;
				CLANG_ANALYZER_NONNULL = YES;
				CLANG_ANALYZER_NUMBER_OBJECT_CONVERSION = YES_AGGRESSIVE;
				CLANG_CXX_LANGUAGE_STANDARD = "gnu++14";
				CLANG_CXX_LIBRARY = "libc++";
				CLANG_ENABLE_MODULES = YES;
				CLANG_ENABLE_OBJC_ARC = YES;
				CLANG_ENABLE_OBJC_WEAK = YES;
				CLANG_WARN_BLOCK_CAPTURE_AUTORELEASING = YES;
				CLANG_WARN_BOOL_CONVERSION = YES;
				CLANG_WARN_COMMA = YES;
				CLANG_WARN_CONSTANT_CONVERSION = YES;
				CLANG_WARN_DEPRECATED_OBJC_IMPLEMENTATIONS = YES;
				CLANG_WARN_DIRECT_OBJC_ISA_USAGE = YES_ERROR;
				CLANG_WARN_DOCUMENTATION_COMMENTS = YES;
				CLANG_WARN_EMPTY_BODY = YES;
				CLANG_WARN_ENUM_CONVERSION = YES;
				CLANG_WARN_INFINITE_RECURSION = YES;
				CLANG_WARN_INT_CONVERSION = YES;
				CLANG_WARN_NON_LITERAL_NULL_CONVERSION = YES;
				CLANG_WARN_OBJC_IMPLICIT_RETAIN_SELF = YES;
				CLANG_WARN_OBJC_LITERAL_CONVERSION = YES;
				CLANG_WARN_OBJC_ROOT_CLASS = YES_ERROR;
				CLANG_WARN_QUOTED_INCLUDE_IN_FRAMEWORK_HEADER = YES;
				CLANG_WARN_RANGE_LOOP_ANALYSIS = YES;
				CLANG_WARN_STRICT_PROTOTYPES = YES;
				CLANG_WARN_SUSPICIOUS_MOVE = YES;
				CLANG_WARN_UNGUARDED_AVAILABILITY = YES_AGGRESSIVE;
				CLANG_WARN_UNREACHABLE_CODE = YES;
				CLANG_WARN__DUPLICATE_METHOD_MATCH = YES;
				COPY_PHASE_STRIP = NO;
				DEBUG_INFORMATION_FORMAT = dwarf;
				ENABLE_STRICT_OBJC_MSGSEND = YES;
				ENABLE_TESTABILITY = YES;
				GCC_C_LANGUAGE_STANDARD = gnu11;
				GCC_DYNAMIC_NO_PIC = NO;
				GCC_NO_COMMON_BLOCKS = YES;
				GCC_OPTIMIZATION_LEVEL = 0;
				GCC_PREPROCESSOR_DEFINITIONS = (
					"DEBUG=1",
					"$(inherited)",
				);
				GCC_WARN_64_TO_32_BIT_CONVERSION = YES;
				GCC_WARN_ABOUT_RETURN_TYPE = YES_ERROR;
				GCC_WARN_UNDECLARED_SELECTOR = YES;
				GCC_WARN_UNINITIALIZED_AUTOS = YES_AGGRESSIVE;
				GCC_WARN_UNUSED_FUNCTION = YES;
				GCC_WARN_UNUSED_VARIABLE = YES;
				MTL_ENABLE_DEBUG_INFO = INCLUDE_SOURCE;
				MTL_FAST_MATH = YES;
				ONLY_ACTIVE_ARCH = YES;
				SWIFT_ACTIVE_COMPILATION_CONDITIONS = DEBUG;
				SWIFT_OPTIMIZATION_LEVEL = "-Onone";
			};
			name = Debug;
		};
		6CDFC8402649AA78008F746F /* Release */ = {
			isa = XCBuildConfiguration;
			buildSettings = {
				ALWAYS_SEARCH_USER_PATHS = NO;
				CLANG_ANALYZER_NONNULL = YES;
				CLANG_ANALYZER_NUMBER_OBJECT_CONVERSION = YES_AGGRESSIVE;
				CLANG_CXX_LANGUAGE_STANDARD = "gnu++14";
				CLANG_CXX_LIBRARY = "libc++";
				CLANG_ENABLE_MODULES = YES;
				CLANG_ENABLE_OBJC_ARC = YES;
				CLANG_ENABLE_OBJC_WEAK = YES;
				CLANG_WARN_BLOCK_CAPTURE_AUTORELEASING = YES;
				CLANG_WARN_BOOL_CONVERSION = YES;
				CLANG_WARN_COMMA = YES;
				CLANG_WARN_CONSTANT_CONVERSION = YES;
				CLANG_WARN_DEPRECATED_OBJC_IMPLEMENTATIONS = YES;
				CLANG_WARN_DIRECT_OBJC_ISA_USAGE = YES_ERROR;
				CLANG_WARN_DOCUMENTATION_COMMENTS = YES;
				CLANG_WARN_EMPTY_BODY = YES;
				CLANG_WARN_ENUM_CONVERSION = YES;
				CLANG_WARN_INFINITE_RECURSION = YES;
				CLANG_WARN_INT_CONVERSION = YES;
				CLANG_WARN_NON_LITERAL_NULL_CONVERSION = YES;
				CLANG_WARN_OBJC_IMPLICIT_RETAIN_SELF = YES;
				CLANG_WARN_OBJC_LITERAL_CONVERSION = YES;
				CLANG_WARN_OBJC_ROOT_CLASS = YES_ERROR;
				CLANG_WARN_QUOTED_INCLUDE_IN_FRAMEWORK_HEADER = YES;
				CLANG_WARN_RANGE_LOOP_ANALYSIS = YES;
				CLANG_WARN_STRICT_PROTOTYPES = YES;
				CLANG_WARN_SUSPICIOUS_MOVE = YES;
				CLANG_WARN_UNGUARDED_AVAILABILITY = YES_AGGRESSIVE;
				CLANG_WARN_UNREACHABLE_CODE = YES;
				CLANG_WARN__DUPLICATE_METHOD_MATCH = YES;
				COPY_PHASE_STRIP = NO;
				DEBUG_INFORMATION_FORMAT = "dwarf-with-dsym";
				ENABLE_NS_ASSERTIONS = NO;
				ENABLE_STRICT_OBJC_MSGSEND = YES;
				GCC_C_LANGUAGE_STANDARD = gnu11;
				GCC_NO_COMMON_BLOCKS = YES;
				GCC_WARN_64_TO_32_BIT_CONVERSION = YES;
				GCC_WARN_ABOUT_RETURN_TYPE = YES_ERROR;
				GCC_WARN_UNDECLARED_SELECTOR = YES;
				GCC_WARN_UNINITIALIZED_AUTOS = YES_AGGRESSIVE;
				GCC_WARN_UNUSED_FUNCTION = YES;
				GCC_WARN_UNUSED_VARIABLE = YES;
				MTL_ENABLE_DEBUG_INFO = NO;
				MTL_FAST_MATH = YES;
				SWIFT_COMPILATION_MODE = wholemodule;
				SWIFT_OPTIMIZATION_LEVEL = "-O";
			};
			name = Release;
		};
		6CDFC8422649AA78008F746F /* Debug */ = {
			isa = XCBuildConfiguration;
			buildSettings = {
				ASSETCATALOG_COMPILER_APPICON_NAME = AppIcon;
				ASSETCATALOG_COMPILER_GLOBAL_ACCENT_COLOR_NAME = AccentColor;
				CODE_SIGN_STYLE = Automatic;
				DEVELOPMENT_TEAM = 4WVK4KG35K;
				ENABLE_PREVIEWS = YES;
				INFOPLIST_FILE = iOS/Info.plist;
				IPHONEOS_DEPLOYMENT_TARGET = 14.0;
				LD_RUNPATH_SEARCH_PATHS = (
					"$(inherited)",
					"@executable_path/Frameworks",
				);
				PRODUCT_BUNDLE_IDENTIFIER = "seon.SwiftUI-Sheet";
				PRODUCT_NAME = SwiftUI_Sheet;
				SDKROOT = iphoneos;
				SWIFT_VERSION = 5.0;
				TARGETED_DEVICE_FAMILY = "1,2";
			};
			name = Debug;
		};
		6CDFC8432649AA78008F746F /* Release */ = {
			isa = XCBuildConfiguration;
			buildSettings = {
				ASSETCATALOG_COMPILER_APPICON_NAME = AppIcon;
				ASSETCATALOG_COMPILER_GLOBAL_ACCENT_COLOR_NAME = AccentColor;
				CODE_SIGN_STYLE = Automatic;
				DEVELOPMENT_TEAM = 4WVK4KG35K;
				ENABLE_PREVIEWS = YES;
				INFOPLIST_FILE = iOS/Info.plist;
				IPHONEOS_DEPLOYMENT_TARGET = 14.0;
				LD_RUNPATH_SEARCH_PATHS = (
					"$(inherited)",
					"@executable_path/Frameworks",
				);
				PRODUCT_BUNDLE_IDENTIFIER = "seon.SwiftUI-Sheet";
				PRODUCT_NAME = SwiftUI_Sheet;
				SDKROOT = iphoneos;
				SWIFT_VERSION = 5.0;
				TARGETED_DEVICE_FAMILY = "1,2";
				VALIDATE_PRODUCT = YES;
			};
			name = Release;
		};
		6CDFC8452649AA78008F746F /* Debug */ = {
			isa = XCBuildConfiguration;
			buildSettings = {
				ASSETCATALOG_COMPILER_APPICON_NAME = AppIcon;
				ASSETCATALOG_COMPILER_GLOBAL_ACCENT_COLOR_NAME = AccentColor;
				CODE_SIGN_ENTITLEMENTS = macOS/macOS.entitlements;
				CODE_SIGN_STYLE = Automatic;
				COMBINE_HIDPI_IMAGES = YES;
				DEVELOPMENT_TEAM = 4WVK4KG35K;
				ENABLE_HARDENED_RUNTIME = YES;
				ENABLE_PREVIEWS = YES;
				INFOPLIST_FILE = macOS/Info.plist;
				LD_RUNPATH_SEARCH_PATHS = (
					"$(inherited)",
					"@executable_path/../Frameworks",
				);
				MACOSX_DEPLOYMENT_TARGET = 11.0;
				PRODUCT_BUNDLE_IDENTIFIER = "seon.SwiftUI-Sheet";
				PRODUCT_NAME = SwiftUI_Sheet;
				SDKROOT = macosx;
				SWIFT_VERSION = 5.0;
			};
			name = Debug;
		};
		6CDFC8462649AA78008F746F /* Release */ = {
			isa = XCBuildConfiguration;
			buildSettings = {
				ASSETCATALOG_COMPILER_APPICON_NAME = AppIcon;
				ASSETCATALOG_COMPILER_GLOBAL_ACCENT_COLOR_NAME = AccentColor;
				CODE_SIGN_ENTITLEMENTS = macOS/macOS.entitlements;
				CODE_SIGN_STYLE = Automatic;
				COMBINE_HIDPI_IMAGES = YES;
				DEVELOPMENT_TEAM = 4WVK4KG35K;
				ENABLE_HARDENED_RUNTIME = YES;
				ENABLE_PREVIEWS = YES;
				INFOPLIST_FILE = macOS/Info.plist;
				LD_RUNPATH_SEARCH_PATHS = (
					"$(inherited)",
					"@executable_path/../Frameworks",
				);
				MACOSX_DEPLOYMENT_TARGET = 11.0;
				PRODUCT_BUNDLE_IDENTIFIER = "seon.SwiftUI-Sheet";
				PRODUCT_NAME = SwiftUI_Sheet;
				SDKROOT = macosx;
				SWIFT_VERSION = 5.0;
			};
			name = Release;
		};
		6CDFC8482649AA78008F746F /* Debug */ = {
			isa = XCBuildConfiguration;
			buildSettings = {
				ALWAYS_EMBED_SWIFT_STANDARD_LIBRARIES = YES;
				CODE_SIGN_STYLE = Automatic;
				DEVELOPMENT_TEAM = 4WVK4KG35K;
				INFOPLIST_FILE = "Tests iOS/Info.plist";
				IPHONEOS_DEPLOYMENT_TARGET = 14.4;
				LD_RUNPATH_SEARCH_PATHS = (
					"$(inherited)",
					"@executable_path/Frameworks",
					"@loader_path/Frameworks",
				);
				PRODUCT_BUNDLE_IDENTIFIER = "seon.Tests-iOS";
				PRODUCT_NAME = "$(TARGET_NAME)";
				SDKROOT = iphoneos;
				SWIFT_VERSION = 5.0;
				TARGETED_DEVICE_FAMILY = "1,2";
				TEST_TARGET_NAME = "SwiftUI_Sheet (iOS)";
			};
			name = Debug;
		};
		6CDFC8492649AA78008F746F /* Release */ = {
			isa = XCBuildConfiguration;
			buildSettings = {
				ALWAYS_EMBED_SWIFT_STANDARD_LIBRARIES = YES;
				CODE_SIGN_STYLE = Automatic;
				DEVELOPMENT_TEAM = 4WVK4KG35K;
				INFOPLIST_FILE = "Tests iOS/Info.plist";
				IPHONEOS_DEPLOYMENT_TARGET = 14.4;
				LD_RUNPATH_SEARCH_PATHS = (
					"$(inherited)",
					"@executable_path/Frameworks",
					"@loader_path/Frameworks",
				);
				PRODUCT_BUNDLE_IDENTIFIER = "seon.Tests-iOS";
				PRODUCT_NAME = "$(TARGET_NAME)";
				SDKROOT = iphoneos;
				SWIFT_VERSION = 5.0;
				TARGETED_DEVICE_FAMILY = "1,2";
				TEST_TARGET_NAME = "SwiftUI_Sheet (iOS)";
				VALIDATE_PRODUCT = YES;
			};
			name = Release;
		};
		6CDFC84B2649AA78008F746F /* Debug */ = {
			isa = XCBuildConfiguration;
			buildSettings = {
				ALWAYS_EMBED_SWIFT_STANDARD_LIBRARIES = YES;
				CODE_SIGN_STYLE = Automatic;
				COMBINE_HIDPI_IMAGES = YES;
				DEVELOPMENT_TEAM = 4WVK4KG35K;
				INFOPLIST_FILE = "Tests macOS/Info.plist";
				LD_RUNPATH_SEARCH_PATHS = (
					"$(inherited)",
					"@executable_path/../Frameworks",
					"@loader_path/../Frameworks",
				);
				MACOSX_DEPLOYMENT_TARGET = 11.1;
				PRODUCT_BUNDLE_IDENTIFIER = "seon.Tests-macOS";
				PRODUCT_NAME = "$(TARGET_NAME)";
				SDKROOT = macosx;
				SWIFT_VERSION = 5.0;
				TEST_TARGET_NAME = "SwiftUI_Sheet (macOS)";
			};
			name = Debug;
		};
		6CDFC84C2649AA78008F746F /* Release */ = {
			isa = XCBuildConfiguration;
			buildSettings = {
				ALWAYS_EMBED_SWIFT_STANDARD_LIBRARIES = YES;
				CODE_SIGN_STYLE = Automatic;
				COMBINE_HIDPI_IMAGES = YES;
				DEVELOPMENT_TEAM = 4WVK4KG35K;
				INFOPLIST_FILE = "Tests macOS/Info.plist";
				LD_RUNPATH_SEARCH_PATHS = (
					"$(inherited)",
					"@executable_path/../Frameworks",
					"@loader_path/../Frameworks",
				);
				MACOSX_DEPLOYMENT_TARGET = 11.1;
				PRODUCT_BUNDLE_IDENTIFIER = "seon.Tests-macOS";
				PRODUCT_NAME = "$(TARGET_NAME)";
				SDKROOT = macosx;
				SWIFT_VERSION = 5.0;
				TEST_TARGET_NAME = "SwiftUI_Sheet (macOS)";
			};
			name = Release;
		};
/* End XCBuildConfiguration section */

/* Begin XCConfigurationList section */
		6CDFC80E2649AA75008F746F /* Build configuration list for PBXProject "SwiftUI_Sheet" */ = {
			isa = XCConfigurationList;
			buildConfigurations = (
				6CDFC83F2649AA78008F746F /* Debug */,
				6CDFC8402649AA78008F746F /* Release */,
			);
			defaultConfigurationIsVisible = 0;
			defaultConfigurationName = Release;
		};
		6CDFC8412649AA78008F746F /* Build configuration list for PBXNativeTarget "SwiftUI_Sheet (iOS)" */ = {
			isa = XCConfigurationList;
			buildConfigurations = (
				6CDFC8422649AA78008F746F /* Debug */,
				6CDFC8432649AA78008F746F /* Release */,
			);
			defaultConfigurationIsVisible = 0;
			defaultConfigurationName = Release;
		};
		6CDFC8442649AA78008F746F /* Build configuration list for PBXNativeTarget "SwiftUI_Sheet (macOS)" */ = {
			isa = XCConfigurationList;
			buildConfigurations = (
				6CDFC8452649AA78008F746F /* Debug */,
				6CDFC8462649AA78008F746F /* Release */,
			);
			defaultConfigurationIsVisible = 0;
			defaultConfigurationName = Release;
		};
		6CDFC8472649AA78008F746F /* Build configuration list for PBXNativeTarget "Tests iOS" */ = {
			isa = XCConfigurationList;
			buildConfigurations = (
				6CDFC8482649AA78008F746F /* Debug */,
				6CDFC8492649AA78008F746F /* Release */,
			);
			defaultConfigurationIsVisible = 0;
			defaultConfigurationName = Release;
		};
		6CDFC84A2649AA78008F746F /* Build configuration list for PBXNativeTarget "Tests macOS" */ = {
			isa = XCConfigurationList;
			buildConfigurations = (
				6CDFC84B2649AA78008F746F /* Debug */,
				6CDFC84C2649AA78008F746F /* Release */,
			);
			defaultConfigurationIsVisible = 0;
			defaultConfigurationName = Release;
		};
/* End XCConfigurationList section */
	};
	rootObject = 6CDFC80B2649AA75008F746F /* Project object */;
}
